
Microsoft Visual Studio Solution File, Format Version 12.00
# Visual Studio 2012
Project("{FAE04EC0-301F-11D3-BF4B-00C04F79EFBC}") = "Services", "Services\Services.csproj", "{16F38FB1-2B76-4A69-97F3-A1200287A6E0}"
EndProject
Project("{FAE04EC0-301F-11D3-BF4B-00C04F79EFBC}") = "TestConsole", "TestConsole\TestConsole.csproj", "{DFB923F7-F411-474E-8703-A03D9595C92F}"
EndProject
Global
	GlobalSection(SolutionConfigurationPlatforms) = preSolution
		Debug|Any CPU = Debug|Any CPU
		Release|Any CPU = Release|Any CPU
	EndGlobalSection
	GlobalSection(ProjectConfigurationPlatforms) = postSolution
		{16F38FB1-2B76-4A69-97F3-A1200287A6E0}.Debug|Any CPU.ActiveCfg = Debug|Any CPU
		{16F38FB1-2B76-4A69-97F3-A1200287A6E0}.Debug|Any CPU.Build.0 = Debug|Any CPU
		{16F38FB1-2B76-4A69-97F3-A1200287A6E0}.Release|Any CPU.ActiveCfg = Release|Any CPU
		{16F38FB1-2B76-4A69-97F3-A1200287A6E0}.Release|Any CPU.Build.0 = Release|Any CPU
		{DFB923F7-F411-474E-8703-A03D9595C92F}.Debug|Any CPU.ActiveCfg = Debug|Any CPU
		{DFB923F7-F411-474E-8703-A03D9595C92F}.Debug|Any CPU.Build.0 = Debug|Any CPU
		{DFB923F7-F411-474E-8703-A03D9595C92F}.Release|Any CPU.ActiveCfg = Release|Any CPU
		{DFB923F7-F411-474E-8703-A03D9595C92F}.Release|Any CPU.Build.0 = Release|Any CPU
	EndGlobalSection
	GlobalSection(SolutionProperties) = preSolution
		HideSolutionNode = FALSE
	EndGlobalSection
EndGlobal
